# This file is automatically @generated by Cargo.
# It is not intended for manual editing.
version = 4

[[package]]
name = "accesskit"
version = "0.24.1"
source = "registry+https://github.com/rust-lang/crates.io-index"
checksum = "d3b7f7f85a7e5f68090000ed7622545829afd484d210358702ae4cb97dd0c320"
dependencies = [
 "uuid",
]

[[package]]
name = "adler2"
version = "2.0.1"
source = "registry+https://github.com/rust-lang/crates.io-index"
checksum = "320119579fcad9c21884f5c4861d16174d0e06250625266f50fe6898340abefa"

[[package]]
name = "allocator-api2"
version = "0.2.21"
source = "registry+https://github.com/rust-lang/crates.io-index"
checksum = "683d7910e743518b0e34f1186f92494becacb047c7b6bf616c96772180fef923"

[[package]]
name = "arboard"
version = "3.6.1"
source = "registry+https://github.com/rust-lang/crates.io-index"
checksum = "0348a1c054491f4bfe6ab86a7b6ab1e44e45d899005de92f58b3df180b36ddaf"
dependencies = [
 "clipboard-win",
 "image 0.25.10",
 "log",
 "objc2",
 "objc2-app-kit",
 "objc2-core-foundation",
 "objc2-core-graphics",
 "objc2-foundation",
 "parking_lot",
 "percent-encoding",
 "windows-sys 0.60.2",
 "x11rb",
]

[[package]]
name = "arrayvec"
version = "0.7.8"
source = "registry+https://github.com/rust-lang/crates.io-index"
checksum = "d3fb67a6e08acf24fdeccbac2cb6ac4305825bd1f117462e0e6f2f193345ad56"

[[package]]
name = "audir-sles"
version = "0.1.0"
source = "registry+https://github.com/rust-lang/crates.io-index"
checksum = "ea47348666a8edb7ad80cbee3940eb2bccf70df0e6ce09009abe1a836cb779f5"

[[package]]
name = "audrey"
version = "0.3.0"
source = "registry+https://github.com/rust-lang/crates.io-index"
checksum = "58b92a84e89497e3cd25d3672cd5d1c288abaac02c18ff21283f17d118b889b8"
dependencies = [
 "dasp_frame",
 "dasp_sample",
 "hound",
 "lewton",
]

[[package]]
name = "autocfg"
version = "1.5.1"
source = "registry+https://github.com/rust-lang/crates.io-index"
checksum = "f2032f911046de80f0a198e0901378627c33f59ea0ac00e363d481118bd70a53"

[[package]]
name = "bit_field"
version = "0.10.3"
source = "registry+https://github.com/rust-lang/crates.io-index"
checksum = "1e4b40c7323adcfc0a41c4b88143ed58346ff65a288fc144329c5c45e05d70c6"

[[package]]
name = "bitflags"
version = "1.3.2"
source = "registry+https://github.com/rust-lang/crates.io-index"
checksum = "bef38d45163c2f1dde094a7dfd33ccf595c92905c8f8f4fdc18d06fb1037718a"

[[package]]
name = "bitflags"
version = "2.13.1"
source = "registry+https://github.com/rust-lang/crates.io-index"
checksum = "b588b76d00fde79687d7646a9b5bdf3cc0f655e0bbd080335a95d7e96f3587da"

[[package]]
name = "block2"
version = "0.6.2"
source = "registry+https://github.com/rust-lang/crates.io-index"
checksum = "cdeb9d870516001442e364c5220d3574d2da8dc765554b4a617230d33fa58ef5"
dependencies = [
 "objc2",
]

[[package]]
name = "bumpalo"
version = "3.20.3"
source = "registry+https://github.com/rust-lang/crates.io-index"
checksum = "72f5acc6cb2ba439de613abc23857ec3d78374d8ed5ac84e9d11336e87da8649"

[[package]]
name = "bytemuck"
version = "1.25.0"
source = "registry+https://github.com/rust-lang/crates.io-index"
checksum = "c8efb64bd706a16a1bdde310ae86b351e4d21550d98d056f22f8a7f7a2183fec"
dependencies = [
 "bytemuck_derive",
]

[[package]]
name = "bytemuck_derive"
version = "1.12.0"
source = "registry+https://github.com/rust-lang/crates.io-index"
checksum = "fc0e56a716f1e132ff6bf4bdac1c944a3fcdc1cae65f70a4a2a1ac3b401d2d1f"
dependencies = [
 "proc-macro2",
 "quote",
 "syn 3.0.4",
]

[[package]]
name = "byteorder"
version = "1.5.0"
source = "registry+https://github.com/rust-lang/crates.io-index"
checksum = "1fd0f2584146f6f2ef48085050886acf353beff7305ebd1ae69500e27c67f64b"

[[package]]
name = "byteorder-lite"
version = "0.1.0"
source = "registry+https://github.com/rust-lang/crates.io-index"
checksum = "8f1fe948ff07f4bd06c30984e69f5b4899c516a3ef74f34df92a2df2ab535495"

[[package]]
name = "cc"
version = "1.4.4"
source = "registry+https://github.com/rust-lang/crates.io-index"
checksum = "0ad534f4357a5264cce5019c989cf66a4f0dc4e0d1b1d15f8aacec0ff7360273"
dependencies = [
 "find-msvc-tools",
 "shlex",
]

[[package]]
name = "cfg-if"
version = "1.0.4"
source = "registry+https://github.com/rust-lang/crates.io-index"
checksum = "9330f8b2ff13f34540b44e946ef35111825727b38d33286ef986142615121801"

[[package]]
name = "clipboard-win"
version = "5.4.1"
source = "registry+https://github.com/rust-lang/crates.io-index"
checksum = "bde03770d3df201d4fb868f2c9c59e66a3e4e2bd06692a0fe701e7103c7e84d4"
dependencies = [
 "error-code",
]

[[package]]
name = "color_quant"
version = "1.1.0"
source = "registry+https://github.com/rust-lang/crates.io-index"
checksum = "3d7b894f5411737b7867f4827955924d7c254fc9f4d91a6aad6b097804b1018b"

[[package]]
name = "core_maths"
version = "0.1.1"
source = "registry+https://github.com/rust-lang/crates.io-index"
checksum = "77745e017f5edba1a9c1d854f6f3a52dac8a12dd5af5d2f54aecf61e43d80d30"
dependencies = [
 "libm",
]

[[package]]
name = "cosmic-text"
version = "0.19.0"
source = "registry+https://github.com/rust-lang/crates.io-index"
checksum = "be17b688510d934ce13f48a2beba700e11583e281e0fda99c22bb256a14eda73"
dependencies = [
 "bitflags 2.13.1",
 "fontdb",
 "harfrust",
 "linebender_resource_handle",
 "log",
 "rangemap",
 "rustc-hash",
 "self_cell",
 "skrifa 0.40.0",
 "smol_str",
 "swash",
 "sys-locale",
 "unicode-bidi",
 "unicode-linebreak",
 "unicode-script",
 "unicode-segmentation",
]

[[package]]
name = "crc32fast"
version = "1.5.0"
source = "registry+https://github.com/rust-lang/crates.io-index"
checksum = "9481c1c90cbf2ac953f07c8d4a58aa3945c425b7185c9154d67a65e4230da511"
dependencies = [
 "cfg-if",
]

[[package]]
name = "crossbeam-deque"
version = "0.8.6"
source = "registry+https://github.com/rust-lang/crates.io-index"
checksum = "9dd111b7b7f7d55b72c0a6ae361660ee5853c9af73f70c3c2ef6858b950e2e51"
dependencies = [
 "crossbeam-epoch",
 "crossbeam-utils",
]

[[package]]
name = "crossbeam-epoch"
version = "0.9.18"
source = "registry+https://github.com/rust-lang/crates.io-index"
checksum = "5b82ac4a3c2ca9c3460964f020e1402edd5753411d7737aa39c3714ad1b5420e"
dependencies = [
 "crossbeam-utils",
]

[[package]]
name = "crossbeam-utils"
version = "0.8.21"
source = "registry+https://github.com/rust-lang/crates.io-index"
checksum = "d0a5c400df2834b80a4c3327b3aad3a4c4cd4de0629063962b03235697506a28"

[[package]]
name = "crunchy"
version = "0.2.4"
source = "registry+https://github.com/rust-lang/crates.io-index"
checksum = "460fbee9c2c2f33933d720630a6a0bac33ba7053db5344fac858d4b8952d77d5"

[[package]]
name = "dasp_frame"
version = "0.11.0"
source = "registry+https://github.com/rust-lang/crates.io-index"
checksum = "b2a3937f5fe2135702897535c8d4a5553f8b116f76c1529088797f2eee7c5cd6"
dependencies = [
 "dasp_sample",
]

[[package]]
name = "dasp_sample"
version = "0.11.0"
source = "registry+https://github.com/rust-lang/crates.io-index"
checksum = "0c87e182de0887fd5361989c677c4e8f5000cd9491d6d563161a8f3a5519fc7f"

[[package]]
name = "dispatch2"
version = "0.3.1"
source = "registry+https://github.com/rust-lang/crates.io-index"
checksum = "1e0e367e4e7da84520dedcac1901e4da967309406d1e51017ae1abfb97adbd38"
dependencies = [
 "bitflags 2.13.1",
 "block2",
 "libc",
 "objc2",
]

[[package]]
name = "dlib"
version = "0.5.3"
source = "registry+https://github.com/rust-lang/crates.io-index"
checksum = "ab8ecd87370524b461f8557c119c405552c396ed91fc0a8eec68679eab26f94a"
dependencies = [
 "libloading",
]

[[package]]
name = "downcast-rs"
version = "1.2.1"
source = "registry+https://github.com/rust-lang/crates.io-index"
checksum = "75b325c5dbd37f80359721ad39aca5a29fb04c89279657cffdda8736d0c0b9d2"

[[package]]
name = "either"
version = "1.16.0"
source = "registry+https://github.com/rust-lang/crates.io-index"
checksum = "91622ff5e7162018101f2fea40d6ebf4a78bbe5a49736a2020649edf9693679e"

[[package]]
name = "equivalent"
version = "1.0.2"
source = "registry+https://github.com/rust-lang/crates.io-index"
checksum = "877a4ace8713b0bcf2a4e7eec82529c029f1d0619886d18145fea96c3ffe5c0f"

[[package]]
name = "errno"
version = "0.3.14"
source = "registry+https://github.com/rust-lang/crates.io-index"
checksum = "39cab71617ae0d63f51a36d69f866391735b51691dbda63cf6f96d042b63efeb"
dependencies = [
 "libc",
 "windows-sys 0.61.2",
]

[[package]]
name = "error-code"
version = "3.4.0"
source = "registry+https://github.com/rust-lang/crates.io-index"
checksum = "0b5343afd4a8365a643ac588dab4cf234a190c7f6c88c9f6dd6ffe00837661b7"

[[package]]
name = "exr"
version = "1.74.0"
source = "registry+https://github.com/rust-lang/crates.io-index"
checksum = "4300e043a56aa2cb633c01af81ca8f699a321879a7854d3896a0ba89056363be"
dependencies = [
 "bit_field",
 "half",
 "lebe",
 "miniz_oxide",
 "rayon-core",
 "smallvec 1.15.1",
 "zune-inflate",
]

[[package]]
name = "fax"
version = "0.2.7"
source = "registry+https://github.com/rust-lang/crates.io-index"
checksum = "caf1079563223d5d59d83c85886a56e586cfd5c1a26292e971a0fa266531ac5a"

[[package]]
name = "fdeflate"
version = "0.3.7"
source = "registry+https://github.com/rust-lang/crates.io-index"
checksum = "1e6853b52649d4ac5c0bd02320cddc5ba956bdb407c4b75a2c6b75bf51500f8c"
dependencies = [
 "simd-adler32",
]

[[package]]
name = "find-msvc-tools"
version = "0.1.11"
source = "registry+https://github.com/rust-lang/crates.io-index"
checksum = "d45db016d36b838f563236e9193d0ee6ce38f3f68b6c94e914b4929c96bbb890"

[[package]]
name = "flate2"
version = "1.1.9"
source = "registry+https://github.com/rust-lang/crates.io-index"
checksum = "843fba2746e448b37e26a819579957415c8cef339bf08564fe8b7ddbd959573c"
dependencies = [
 "crc32fast",
 "miniz_oxide",
]

[[package]]
name = "foldhash"
version = "0.1.5"
source = "registry+https://github.com/rust-lang/crates.io-index"
checksum = "d9c4f5dac5e15c24eb999c26181a6ca40b39fe946cbe4c263c7209467bc83af2"

[[package]]
name = "font-types"
version = "0.11.3"
source = "registry+https://github.com/rust-lang/crates.io-index"
checksum = "5b38ad915f6dadd993ced50848a8291a543bd41ca62bc10740d5e64e2ab4cfd7"
dependencies = [
 "bytemuck",
]

[[package]]
name = "font-types"
version = "0.12.4"
source = "registry+https://github.com/rust-lang/crates.io-index"
checksum = "e64eb721ca85a34323425f4041adc5d82704d3782d5f8f03793bc012419dce23"
dependencies = [
 "bytemuck",
]

[[package]]
name = "fontconfig-parser"
version = "0.5.8"
source = "registry+https://github.com/rust-lang/crates.io-index"
checksum = "bbc773e24e02d4ddd8395fd30dc147524273a83e54e0f312d986ea30de5f5646"
dependencies = [
 "roxmltree",
]

[[package]]
name = "fontdb"
version = "0.23.0"
source = "registry+https://github.com/rust-lang/crates.io-index"
checksum = "457e789b3d1202543297a350643cf459f836cade38934e7a4cf6a39e7cde2905"
dependencies = [
 "fontconfig-parser",
 "log",
 "memmap2",
 "slotmap",
 "tinyvec",
 "ttf-parser 0.25.1",
]

[[package]]
name = "fontdue"
version = "0.9.3"
source = "registry+https://github.com/rust-lang/crates.io-index"
checksum = "2e57e16b3fe8ff4364c0661fdaac543fb38b29ea9bc9c2f45612d90adf931d2b"
dependencies = [
 "hashbrown",
 "ttf-parser 0.21.1",
]

[[package]]
name = "futures-core"
version = "0.3.34"
source = "registry+https://github.com/rust-lang/crates.io-index"
checksum = "92d699e522242e69e3003b94ecc1f960f3a5e015aa7c5d7486e65ad01dd94f5e"

[[package]]
name = "futures-task"
version = "0.3.34"
source = "registry+https://github.com/rust-lang/crates.io-index"
checksum = "cd417de3d1d015fc3bfd2b1ea46dfc7bab72ef86f1cc7cc9c78e728b34a6d1fd"

[[package]]
name = "futures-util"
version = "0.3.34"
source = "registry+https://github.com/rust-lang/crates.io-index"
checksum = "0d50a92467f8ba5dd6e3ee5d4bd04d73ab2e4e1c44474a0674821dfce14b79bc"
dependencies = [
 "futures-core",
 "futures-task",
 "pin-project-lite",
 "slab",
]

[[package]]
name = "gethostname"
version = "1.1.0"
source = "registry+https://github.com/rust-lang/crates.io-index"
checksum = "1bd49230192a3797a9a4d6abe9b3eed6f7fa4c8a8a4947977c6f80025f92cbd8"
dependencies = [
 "rustix",
 "windows-link",
]

[[package]]
name = "gif"
version = "0.13.3"
source = "registry+https://github.com/rust-lang/crates.io-index"
checksum = "4ae047235e33e2829703574b54fdec96bfbad892062d97fed2f76022287de61b"
dependencies = [
 "color_quant",
 "weezl",
]

[[package]]
name = "glam"
version = "0.27.0"
source = "registry+https://github.com/rust-lang/crates.io-index"
checksum = "9e05e7e6723e3455f4818c7b26e855439f7546cf617ef669d1adedb8669e5cb9"

[[package]]
name = "half"
version = "2.7.1"
source = "registry+https://github.com/rust-lang/crates.io-index"
checksum = "6ea2d84b969582b4b1864a92dc5d27cd2b77b622a8d79306834f1be5ba20d84b"
dependencies = [
 "cfg-if",
 "crunchy",
 "zerocopy",
]

[[package]]
name = "harfrust"
version = "0.5.2"
source = "registry+https://github.com/rust-lang/crates.io-index"
checksum = "9da2e5ae821f6e96664977bf974d6d6a2d6682f9ccee23e62ec1d134246845f9"
dependencies = [
 "bitflags 2.13.1",
 "bytemuck",
 "core_maths",
 "read-fonts 0.37.0",
 "smallvec 1.15.1",
]

[[package]]
name = "hashbrown"
version = "0.15.5"
source = "registry+https://github.com/rust-lang/crates.io-index"
checksum = "9229cfe53dfd69f0609a49f65461bd93001ea1ef889cd5529dd176593f5338a1"
dependencies = [
 "allocator-api2",
 "equivalent",
 "foldhash",
]

[[package]]
name = "haven_assets"
version = "0.1.0"
dependencies = [
 "haven_core",
 "serde",
 "serde_json",
]

[[package]]
name = "haven_audio"
version = "0.1.0"
dependencies = [
 "haven_identity",
 "hound",
 "serde",
 "serde_json",
]

[[package]]
name = "haven_authoring"
version = "0.1.0"
dependencies = [
 "haven_assets",
 "haven_core",
 "haven_identity",
 "haven_world",
 "serde",
 "serde_json",
]

[[package]]
name = "haven_core"
version = "0.1.0"
dependencies = [
 "serde",
 "serde_json",
]

[[package]]
name = "haven_diagnostics"
version = "0.1.0"
dependencies = [
 "haven_identity",
 "serde",
]

[[package]]
name = "haven_ecs"
version = "0.1.0"

[[package]]
name = "haven_editor"
version = "0.1.0"
dependencies = [
 "haven_assets",
 "haven_authoring",
 "haven_core",
 "haven_world",
 "serde",
 "serde_json",
]

[[package]]
name = "haven_editor_native"
version = "0.1.0"
dependencies = [
 "haven_assets",
 "haven_audio",
 "haven_authoring",
 "haven_core",
 "haven_diagnostics",
 "haven_editor",
 "haven_identity",
 "haven_jobs",
 "haven_logic",
 "haven_pixel",
 "haven_render",
 "haven_save",
 "haven_ui",
 "haven_world",
 "image 0.24.9",
 "macroquad",
 "serde",
 "serde_json",
]

[[package]]
name = "haven_game"
version = "0.1.0"
dependencies = [
 "haven_assets",
 "haven_authoring",
 "haven_core",
 "haven_ecs",
 "haven_net",
 "haven_render",
 "haven_save",
 "haven_sim",
 "haven_world",
 "image 0.24.9",
 "macroquad",
 "serde",
 "serde_json",
]

[[package]]
name = "haven_identity"
version = "0.1.0"
dependencies = [
 "serde",
]

[[package]]
name = "haven_jobs"
version = "0.1.0"
dependencies = [
 "haven_identity",
 "rayon",
 "serde",
]

[[package]]
name = "haven_logic"
version = "0.1.0"
dependencies = [
 "haven_identity",
 "serde",
 "serde_json",
]

[[package]]
name = "haven_net"
version = "0.1.0"
dependencies = [
 "haven_authoring",
 "haven_world",
 "serde",
]

[[package]]
name = "haven_pixel"
version = "0.1.0"
dependencies = [
 "haven_assets",
 "image 0.24.9",
 "serde",
 "serde_json",
]

[[package]]
name = "haven_render"
version = "0.1.0"
dependencies = [
 "haven_assets",
 "haven_authoring",
 "haven_core",
 "haven_world",
 "macroquad",
]

[[package]]
name = "haven_save"
version = "0.1.0"
dependencies = [
 "haven_core",
 "haven_world",
 "serde",
 "serde_json",
]

[[package]]
name = "haven_schema"
version = "0.1.0"
dependencies = [
 "serde",
 "serde_json",
]

[[package]]
name = "haven_sim"
version = "0.1.0"
dependencies = [
 "haven_core",
 "haven_ecs",
 "haven_world",
 "macroquad",
]

[[package]]
name = "haven_spatial"
version = "0.1.0"
dependencies = [
 "serde",
]

[[package]]
name = "haven_tools"
version = "0.1.0"
dependencies = [
 "haven_assets",
 "haven_authoring",
 "haven_core",
 "haven_editor",
 "haven_save",
 "haven_world",
 "serde",
 "serde_json",
]

[[package]]
name = "haven_ui"
version = "0.1.0"
dependencies = [
 "accesskit",
 "arboard",
 "cosmic-text",
 "rfd",
 "serde",
 "taffy",
]

[[package]]
name = "haven_world"
version = "0.1.0"
dependencies = [
 "haven_core",
 "image 0.24.9",
 "serde",
 "serde_json",
]

[[package]]
name = "hound"
version = "3.5.1"
source = "registry+https://github.com/rust-lang/crates.io-index"
checksum = "62adaabb884c94955b19907d60019f4e145d091c75345379e70d1ee696f7854f"

[[package]]
name = "image"
version = "0.24.9"
source = "registry+https://github.com/rust-lang/crates.io-index"
checksum = "5690139d2f55868e080017335e4b94cb7414274c74f1669c84fb5feba2c9f69d"
dependencies = [
 "bytemuck",
 "byteorder",
 "color_quant",
 "exr",
 "gif",
 "jpeg-decoder",
 "num-traits",
 "png 0.17.16",
 "qoi",
 "tiff 0.9.1",
]

[[package]]
name = "image"
version = "0.25.10"
source = "registry+https://github.com/rust-lang/crates.io-index"
checksum = "85ab80394333c02fe689eaf900ab500fbd0c2213da414687ebf995a65d5a6104"
dependencies = [
 "bytemuck",
 "byteorder-lite",
 "moxcms",
 "num-traits",
 "png 0.18.1",
 "tiff 0.11.3",
]

[[package]]
name = "itoa"
version = "1.0.18"
source = "registry+https://github.com/rust-lang/crates.io-index"
checksum = "8f42a60cbdf9a97f5d2305f08a87dc4e09308d1276d28c869c684d7777685682"

[[package]]
name = "jpeg-decoder"
version = "0.3.2"
source = "registry+https://github.com/rust-lang/crates.io-index"
checksum = "00810f1d8b74be64b13dbf3db89ac67740615d6c891f0e7b6179326533011a07"
dependencies = [
 "rayon",
]

[[package]]
name = "js-sys"
version = "0.3.104"
source = "registry+https://github.com/rust-lang/crates.io-index"
checksum = "0e0c1080212aad755ea003d18543e8768dd432c48819efd73a7bf1e39b7a5a3a"
dependencies = [
 "cfg-if",
 "futures-util",
 "wasm-bindgen",
]

[[package]]
name = "lebe"
version = "0.5.3"
source = "registry+https://github.com/rust-lang/crates.io-index"
checksum = "7a79a3332a6609480d7d0c9eab957bca6b455b91bb84e66d19f5ff66294b85b8"

[[package]]
name = "lewton"
version = "0.9.4"
source = "registry+https://github.com/rust-lang/crates.io-index"
checksum = "8d542c1a317036c45c2aa1cf10cc9d403ca91eb2d333ef1a4917e5cb10628bd0"
dependencies = [
 "byteorder",
 "ogg",
 "smallvec 0.6.14",
]

[[package]]
name = "libc"
version = "0.2.186"
source = "registry+https://github.com/rust-lang/crates.io-index"
checksum = "68ab91017fe16c622486840e4c83c9a37afeff978bd239b5293d61ece587de66"

[[package]]
name = "libloading"
version = "0.8.9"
source = "registry+https://github.com/rust-lang/crates.io-index"
checksum = "d7c4b02199fee7c5d21a5ae7d8cfa79a6ef5bb2fc834d6e9058e89c825efdc55"
dependencies = [
 "cfg-if",
 "windows-link",
]

[[package]]
name = "libm"
version = "0.2.16"
source = "registry+https://github.com/rust-lang/crates.io-index"
checksum = "b6d2cec3eae94f9f509c767b45932f1ada8350c4bdb85af2fcab4a3c14807981"

[[package]]
name = "linebender_resource_handle"
version = "0.1.1"
source = "registry+https://github.com/rust-lang/crates.io-index"
checksum = "d4a5ff6bcca6c4867b1c4fd4ef63e4db7436ef363e0ad7531d1558856bae64f4"

[[package]]
name = "linux-raw-sys"
version = "0.12.1"
source = "registry+https://github.com/rust-lang/crates.io-index"
checksum = "32a66949e030da00e8c7d4434b251670a91556f4144941d37452769c25d58a53"

[[package]]
name = "lock_api"
version = "0.4.14"
source = "registry+https://github.com/rust-lang/crates.io-index"
checksum = "224399e74b87b5f3557511d98dff8b14089b3dadafcab6bb93eab67d3aace965"
dependencies = [
 "scopeguard",
]

[[package]]
name = "log"
version = "0.4.34"
source = "registry+https://github.com/rust-lang/crates.io-index"
checksum = "f9f8bd3e56ce4dfc153cf470fffbfa98c7620958b312ca5c3a4b8d5181fd13c6"

[[package]]
name = "macroquad"
version = "0.4.14"
source = "registry+https://github.com/rust-lang/crates.io-index"
checksum = "d2befbae373456143ef55aa93a73594d080adfb111dc32ec96a1123a3e4ff4ae"
dependencies = [
 "fontdue",
 "glam",
 "image 0.24.9",
 "macroquad_macro",
 "miniquad",
 "quad-rand",
 "quad-snd",
]

[[package]]
name = "macroquad_macro"
version = "0.1.8"
source = "registry+https://github.com/rust-lang/crates.io-index"
checksum = "64b1d96218903768c1ce078b657c0d5965465c95a60d2682fd97443c9d2483dd"

[[package]]
name = "malloc_buf"
version = "0.0.6"
source = "registry+https://github.com/rust-lang/crates.io-index"
checksum = "62bb907fe88d54d8d9ce32a3cceab4218ed2f6b7d35617cafe9adf84e43919cb"
dependencies = [
 "libc",
]

[[package]]
name = "maybe-uninit"
version = "2.0.0"
source = "registry+https://github.com/rust-lang/crates.io-index"
checksum = "60302e4db3a61da70c0cb7991976248362f30319e88850c487b9b95bbf059e00"

[[package]]
name = "memchr"
version = "2.8.0"
source = "registry+https://github.com/rust-lang/crates.io-index"
checksum = "f8ca58f447f06ed17d5fc4043ce1b10dd205e060fb3ce5b979b8ed8e59ff3f79"

[[package]]
name = "memmap2"
version = "0.9.11"
source = "registry+https://github.com/rust-lang/crates.io-index"
checksum = "d1219ed1b7f229ee7104d281dd01d6802fe28bb6e95d292942c4daacdeb798c0"
dependencies = [
 "libc",
]

[[package]]
name = "miniquad"
version = "0.4.8"
source = "registry+https://github.com/rust-lang/crates.io-index"
checksum = "2fb3e758e46dbc45716a8a49ca9edc54b15bcca826277e80b1f690708f67f9e3"
dependencies = [
 "libc",
 "ndk-sys",
 "objc-rs",
 "winapi",
]

[[package]]
name = "miniz_oxide"
version = "0.8.9"
source = "registry+https://github.com/rust-lang/crates.io-index"
checksum = "1fa76a2c86f704bdb222d66965fb3d63269ce38518b83cb0575fca855ebb6316"
dependencies = [
 "adler2",
 "simd-adler32",
]

[[package]]
name = "moxcms"
version = "0.8.1"
source = "registry+https://github.com/rust-lang/crates.io-index"
checksum = "bb85c154ba489f01b25c0d36ae69a87e4a1c73a72631fc6c0eb6dde34a73e44b"
dependencies = [
 "num-traits",
 "pxfm",
]

[[package]]
name = "ndk-sys"
version = "0.2.2"
source = "registry+https://github.com/rust-lang/crates.io-index"
checksum = "e1bcdd74c20ad5d95aacd60ef9ba40fdf77f767051040541df557b7a9b2a2121"

[[package]]
name = "num-traits"
version = "0.2.19"
source = "registry+https://github.com/rust-lang/crates.io-index"
checksum = "071dfc062690e90b734c0b2273ce72ad0ffa95f0c74596bc250dcfd960262841"
dependencies = [
 "autocfg",
]

[[package]]
name = "objc-rs"
version = "0.2.8"
source = "registry+https://github.com/rust-lang/crates.io-index"
checksum = "64a1e7069a2525126bf12a9f1f7916835fafade384fb27cabf698e745e2a1eb8"
dependencies = [
 "malloc_buf",
]

[[package]]
name = "objc2"
version = "0.6.4"
source = "registry+https://github.com/rust-lang/crates.io-index"
checksum = "3a12a8ed07aefc768292f076dc3ac8c48f3781c8f2d5851dd3d98950e8c5a89f"
dependencies = [
 "objc2-encode",
]

[[package]]
name = "objc2-app-kit"
version = "0.3.2"
source = "registry+https://github.com/rust-lang/crates.io-index"
checksum = "d49e936b501e5c5bf01fda3a9452ff86dc3ea98ad5f283e1455153142d97518c"
dependencies = [
 "bitflags 2.13.1",
 "block2",
 "objc2",
 "objc2-core-graphics",
 "objc2-foundation",
]

[[package]]
name = "objc2-core-foundation"
version = "0.3.2"
source = "registry+https://github.com/rust-lang/crates.io-index"
checksum = "2a180dd8642fa45cdb7dd721cd4c11b1cadd4929ce112ebd8b9f5803cc79d536"
dependencies = [
 "bitflags 2.13.1",
 "dispatch2",
 "objc2",
]

[[package]]
name = "objc2-core-graphics"
version = "0.3.2"
source = "registry+https://github.com/rust-lang/crates.io-index"
checksum = "e022c9d066895efa1345f8e33e584b9f958da2fd4cd116792e15e07e4720a807"
dependencies = [
 "bitflags 2.13.1",
 "dispatch2",
 "objc2",
 "objc2-core-foundation",
 "objc2-io-surface",
]

[[package]]
name = "objc2-encode"
version = "4.1.0"
source = "registry+https://github.com/rust-lang/crates.io-index"
checksum = "ef25abbcd74fb2609453eb695bd2f860d389e457f67dc17cafc8b8cbc89d0c33"

[[package]]
name = "objc2-foundation"
version = "0.3.2"
source = "registry+https://github.com/rust-lang/crates.io-index"
checksum = "e3e0adef53c21f888deb4fa59fc59f7eb17404926ee8a6f59f5df0fd7f9f3272"
dependencies = [
 "bitflags 2.13.1",
 "objc2",
 "objc2-core-foundation",
]

[[package]]
name = "objc2-io-surface"
version = "0.3.2"
source = "registry+https://github.com/rust-lang/crates.io-index"
checksum = "180788110936d59bab6bd83b6060ffdfffb3b922ba1396b312ae795e1de9d81d"
dependencies = [
 "bitflags 2.13.1",
 "objc2",
 "objc2-core-foundation",
]

[[package]]
name = "ogg"
version = "0.7.1"
source = "registry+https://github.com/rust-lang/crates.io-index"
checksum = "13e571c3517af9e1729d4c63571a27edd660ade0667973bfc74a67c660c2b651"
dependencies = [
 "byteorder",
]

[[package]]
name = "once_cell"
version = "1.21.4"
source = "registry+https://github.com/rust-lang/crates.io-index"
checksum = "9f7c3e4beb33f85d45ae3e3a1792185706c8e16d043238c593331cc7cd313b50"

[[package]]
name = "parking_lot"
version = "0.12.5"
source = "registry+https://github.com/rust-lang/crates.io-index"
checksum = "93857453250e3077bd71ff98b6a65ea6621a19bb0f559a85248955ac12c45a1a"
dependencies = [
 "lock_api",
 "parking_lot_core",
]

[[package]]
name = "parking_lot_core"
version = "0.9.12"
source = "registry+https://github.com/rust-lang/crates.io-index"
checksum = "2621685985a2ebf1c516881c026032ac7deafcda1a2c9b7850dc81e3dfcb64c1"
dependencies = [
 "cfg-if",
 "libc",
 "redox_syscall",
 "smallvec 1.15.1",
 "windows-link",
]

[[package]]
name = "percent-encoding"
version = "2.3.2"
source = "registry+https://github.com/rust-lang/crates.io-index"
checksum = "9b4f627cb1b25917193a259e49bdad08f671f8d9708acfd5fe0a8c1455d87220"

[[package]]
name = "pin-project-lite"
version = "0.2.17"
source = "registry+https://github.com/rust-lang/crates.io-index"
checksum = "a89322df9ebe1c1578d689c92318e070967d1042b512afbe49518723f4e6d5cd"

[[package]]
name = "pkg-config"
version = "0.3.34"
source = "registry+https://github.com/rust-lang/crates.io-index"
checksum = "f6b464fbc74e149a392436b17d523f769e057cb6877f6a5c4618bc6f11800548"

[[package]]
name = "png"
version = "0.17.16"
source = "registry+https://github.com/rust-lang/crates.io-index"
checksum = "82151a2fc869e011c153adc57cf2789ccb8d9906ce52c0b39a6b5697749d7526"
dependencies = [
 "bitflags 1.3.2",
 "crc32fast",
 "fdeflate",
 "flate2",
 "miniz_oxide",
]

[[package]]
name = "png"
version = "0.18.1"
source = "registry+https://github.com/rust-lang/crates.io-index"
checksum = "60769b8b31b2a9f263dae2776c37b1b28ae246943cf719eb6946a1db05128a61"
dependencies = [
 "bitflags 2.13.1",
 "crc32fast",
 "fdeflate",
 "flate2",
 "miniz_oxide",
]

[[package]]
name = "pollster"
version = "0.4.0"
source = "registry+https://github.com/rust-lang/crates.io-index"
checksum = "2f3a9f18d041e6d0e102a0a46750538147e5e8992d3b4873aaafee2520b00ce3"

[[package]]
name = "proc-macro2"
version = "1.0.106"
source = "registry+https://github.com/rust-lang/crates.io-index"
checksum = "8fd00f0bb2e90d81d1044c2b32617f68fcb9fa3bb7640c23e9c748e53fb30934"
dependencies = [
 "unicode-ident",
]

[[package]]
name = "pxfm"
version = "0.1.30"
source = "registry+https://github.com/rust-lang/crates.io-index"
checksum = "d55d956fa96f5ec02be2e13af0e20391a5aa83d6a074e3ad368959d0fab299ea"

[[package]]
name = "qoi"
version = "0.4.1"
source = "registry+https://github.com/rust-lang/crates.io-index"
checksum = "7f6d64c71eb498fe9eae14ce4ec935c555749aef511cca85b5568910d6e48001"
dependencies = [
 "bytemuck",
]

[[package]]
name = "quad-alsa-sys"
version = "0.3.2"
source = "registry+https://github.com/rust-lang/crates.io-index"
checksum = "c66c2f04a6946293477973d85adc251d502da51c57b08cd9c997f0cfd8dcd4b5"
dependencies = [
 "libc",
]

[[package]]
name = "quad-rand"
version = "0.2.3"
source = "registry+https://github.com/rust-lang/crates.io-index"
checksum = "5a651516ddc9168ebd67b24afd085a718be02f8858fe406591b013d101ce2f40"

[[package]]
name = "quad-snd"
version = "0.2.8"
source = "registry+https://github.com/rust-lang/crates.io-index"
checksum = "cba0c4943fc67147fbe9d1eb731fb9e678bfc9d926507eebbbfe0103e154e5b0"
dependencies = [
 "audir-sles",
 "audrey",
 "libc",
 "quad-alsa-sys",
 "winapi",
]

[[package]]
name = "quick-error"
version = "2.0.1"
source = "registry+https://github.com/rust-lang/crates.io-index"
checksum = "a993555f31e5a609f617c12db6250dedcac1b0a85076912c436e6fc9b2c8e6a3"

[[package]]
name = "quick-xml"
version = "0.41.0"
source = "registry+https://github.com/rust-lang/crates.io-index"
checksum = "e660451e55124f798a69a5af3f49ccfbefbd41910eefd25caf2393e1f3473ec1"
dependencies = [
 "memchr",
]

[[package]]
name = "quote"
version = "1.0.45"
source = "registry+https://github.com/rust-lang/crates.io-index"
checksum = "41f2619966050689382d2b44f664f4bc593e129785a36d6ee376ddf37259b924"
dependencies = [
 "proc-macro2",
]

[[package]]
name = "rangemap"
version = "1.8.0"
source = "registry+https://github.com/rust-lang/crates.io-index"
checksum = "a611d15b50743feb4c76b7d03edcb0e64f399c26961e4efe6975bc398be6aa3d"

[[package]]
name = "raw-window-handle"
version = "0.6.2"
source = "registry+https://github.com/rust-lang/crates.io-index"
checksum = "20675572f6f24e9e76ef639bc5552774ed45f1c30e2951e1e99c59888861c539"

[[package]]
name = "rayon"
version = "1.12.0"
source = "registry+https://github.com/rust-lang/crates.io-index"
checksum = "fb39b166781f92d482534ef4b4b1b2568f42613b53e5b6c160e24cfbfa30926d"
dependencies = [
 "either",
 "rayon-core",
]

[[package]]
name = "rayon-core"
version = "1.13.0"
source = "registry+https://github.com/rust-lang/crates.io-index"
checksum = "22e18b0f0062d30d4230b2e85ff77fdfe4326feb054b9783a3460d8435c8ab91"
dependencies = [
 "crossbeam-deque",
 "crossbeam-utils",
]

[[package]]
name = "read-fonts"
version = "0.37.0"
source = "registry+https://github.com/rust-lang/crates.io-index"
checksum = "7b634fabf032fab15307ffd272149b622260f55974d9fad689292a5d33df02e5"
dependencies = [
 "bytemuck",
 "core_maths",
 "font-types 0.11.3",
]

[[package]]
name = "read-fonts"
version = "0.41.0"
source = "registry+https://github.com/rust-lang/crates.io-index"
checksum = "046a7d674daf459825b32f5062056d6882db0d2f5a479fbd76ccfc870ac18709"
dependencies = [
 "bytemuck",
 "font-types 0.12.4",
 "once_cell",
]

[[package]]
name = "redox_syscall"
version = "0.5.18"
source = "registry+https://github.com/rust-lang/crates.io-index"
checksum = "ed2bf2547551a7053d6fdfafda3f938979645c44812fbfcda098faae3f1a362d"
dependencies = [
 "bitflags 2.13.1",
]

[[package]]
name = "rfd"
version = "0.17.2"
source = "registry+https://github.com/rust-lang/crates.io-index"
checksum = "20dafead71c16a34e1ff357ddefc8afc11e7d51d6d2b9fbd07eaa48e3e540220"
dependencies = [
 "block2",
 "dispatch2",
 "js-sys",
 "libc",
 "log",
 "objc2",
 "objc2-app-kit",
 "objc2-core-foundation",
 "objc2-foundation",
 "percent-encoding",
 "pollster",
 "raw-window-handle",
 "wasm-bindgen",
 "wasm-bindgen-futures",
 "wayland-backend",
 "wayland-client",
 "wayland-protocols",
 "web-sys",
 "windows-sys 0.61.2",
]

[[package]]
name = "roxmltree"
version = "0.20.0"
source = "registry+https://github.com/rust-lang/crates.io-index"
checksum = "6c20b6793b5c2fa6553b250154b78d6d0db37e72700ae35fad9387a46f487c97"

[[package]]
name = "rustc-hash"
version = "2.1.3"
source = "registry+https://github.com/rust-lang/crates.io-index"
checksum = "6b1e7f9a428571be2dc5bc0505c13fb6bf936822b894ec87abf8a08a4e51742d"

[[package]]
name = "rustix"
version = "1.1.4"
source = "registry+https://github.com/rust-lang/crates.io-index"
checksum = "b6fe4565b9518b83ef4f91bb47ce29620ca828bd32cb7e408f0062e9930ba190"
dependencies = [
 "bitflags 2.13.1",
 "errno",
 "libc",
 "linux-raw-sys",
 "windows-sys 0.61.2",
]

[[package]]
name = "rustversion"
version = "1.0.23"
source = "registry+https://github.com/rust-lang/crates.io-index"
checksum = "cf54715a573b99ac80df0bc206da022bcd442c974952c7b9720069370852e21f"

[[package]]
name = "scoped-tls"
version = "1.0.1"
source = "registry+https://github.com/rust-lang/crates.io-index"
checksum = "e1cf6437eb19a8f4a6cc0f7dca544973b0b78843adbfeb3683d1a94a0024a294"

[[package]]
name = "scopeguard"
version = "1.2.0"
source = "registry+https://github.com/rust-lang/crates.io-index"
checksum = "94143f37725109f92c262ed2cf5e59bce7498c01bcc1502d7b9afe439a4e9f49"

[[package]]
name = "self_cell"
version = "1.3.0"
source = "registry+https://github.com/rust-lang/crates.io-index"
checksum = "2ab42ca02749e120097e328d91d415325bdf43b1c72c4c8badf37375fe40a813"

[[package]]
name = "serde"
version = "1.0.228"
source = "registry+https://github.com/rust-lang/crates.io-index"
checksum = "9a8e94ea7f378bd32cbbd37198a4a91436180c5bb472411e48b5ec2e2124ae9e"
dependencies = [
 "serde_core",
 "serde_derive",
]

[[package]]
name = "serde_core"
version = "1.0.228"
source = "registry+https://github.com/rust-lang/crates.io-index"
checksum = "41d385c7d4ca58e59fc732af25c3983b67ac852c1a25000afe1175de458b67ad"
dependencies = [
 "serde_derive",
]

[[package]]
name = "serde_derive"
version = "1.0.228"
source = "registry+https://github.com/rust-lang/crates.io-index"
checksum = "d540f220d3187173da220f885ab66608367b6574e925011a9353e4badda91d79"
dependencies = [
 "proc-macro2",
 "quote",
 "syn 2.0.117",
]

[[package]]
name = "serde_json"
version = "1.0.150"
source = "registry+https://github.com/rust-lang/crates.io-index"
checksum = "e8014e44b4736ed0538adeecded0fce2a272f22dc9578a7eb6b2d9993c74cfb9"
dependencies = [
 "itoa",
 "memchr",
 "serde",
 "serde_core",
 "zmij",
]

[[package]]
name = "shlex"
version = "2.0.1"
source = "registry+https://github.com/rust-lang/crates.io-index"
checksum = "f8fadd59c855ef2080decdef8ff161eb6661b86933c9d82e5ba29dc602a55aba"

[[package]]
name = "simd-adler32"
version = "0.3.9"
source = "registry+https://github.com/rust-lang/crates.io-index"
checksum = "703d5c7ef118737c72f1af64ad2f6f8c5e1921f818cdcb97b8fe6fc69bf66214"

[[package]]
name = "skrifa"
version = "0.40.0"
source = "registry+https://github.com/rust-lang/crates.io-index"
checksum = "7fbdfe3d2475fbd7ddd1f3e5cf8288a30eb3e5f95832829570cd88115a7434ac"
dependencies = [
 "bytemuck",
 "read-fonts 0.37.0",
]

[[package]]
name = "skrifa"
version = "0.44.0"
source = "registry+https://github.com/rust-lang/crates.io-index"
checksum = "819ab7d62b1d3e72d9d9dea5650bac30424f9111364bb94928dbf5ecad1baa68"
dependencies = [
 "bytemuck",
 "read-fonts 0.41.0",
]

[[package]]
name = "slab"
version = "0.4.12"
source = "registry+https://github.com/rust-lang/crates.io-index"
checksum = "0c790de23124f9ab44544d7ac05d60440adc586479ce501c1d6d7da3cd8c9cf5"

[[package]]
name = "slotmap"
version = "1.1.1"
source = "registry+https://github.com/rust-lang/crates.io-index"
checksum = "bdd58c3c93c3d278ca835519292445cb4b0d4dc59ccfdf7ceadaab3f8aeb4038"
dependencies = [
 "version_check",
]

[[package]]
name = "smallvec"
version = "0.6.14"
source = "registry+https://github.com/rust-lang/crates.io-index"
checksum = "b97fcaeba89edba30f044a10c6a3cc39df9c3f17d7cd829dd1446cab35f890e0"
dependencies = [
 "maybe-uninit",
]

[[package]]
name = "smallvec"
version = "1.15.1"
source = "registry+https://github.com/rust-lang/crates.io-index"
checksum = "67b1b7a3b5fe4f1376887184045fcf45c69e92af734b7aaddc05fb777b6fbd03"

[[package]]
name = "smol_str"
version = "0.3.6"
source = "registry+https://github.com/rust-lang/crates.io-index"
checksum = "4aaa7368fcf4852a4c2dd92df0cace6a71f2091ca0a23391ce7f3a31833f1523"

[[package]]
name = "swash"
version = "0.2.10"
source = "registry+https://github.com/rust-lang/crates.io-index"
checksum = "6c2499c2d826531388872b2268718aed907a39bd785ab0dcfe57fab26283f92e"
dependencies = [
 "skrifa 0.44.0",
 "yazi",
 "zeno",
]

[[package]]
name = "syn"
version = "2.0.117"
source = "registry+https://github.com/rust-lang/crates.io-index"
checksum = "e665b8803e7b1d2a727f4023456bbbbe74da67099c585258af0ad9c5013b9b99"
dependencies = [
 "proc-macro2",
 "quote",
 "unicode-ident",
]

[[package]]
name = "syn"
version = "3.0.4"
source = "registry+https://github.com/rust-lang/crates.io-index"
checksum = "e6275cddf4610d1775e6d1fe9469b2e77d0f39fd98fb7450901b821e0c53649f"
dependencies = [
 "proc-macro2",
 "quote",
 "unicode-ident",
]

[[package]]
name = "sys-locale"
version = "0.3.2"
source = "registry+https://github.com/rust-lang/crates.io-index"
checksum = "8eab9a99a024a169fe8a903cf9d4a3b3601109bcc13bd9e3c6fff259138626c4"
dependencies = [
 "libc",
]

[[package]]
name = "taffy"
version = "0.13.0"
source = "registry+https://github.com/rust-lang/crates.io-index"
checksum = "c034e05f6ee85a12daa63863c2245797715075c70649947aa0da54f3f2ab1d0f"
dependencies = [
 "arrayvec",
 "serde",
 "slotmap",
 "smallvec 1.15.1",
]

[[package]]
name = "tiff"
version = "0.9.1"
source = "registry+https://github.com/rust-lang/crates.io-index"
checksum = "ba1310fcea54c6a9a4fd1aad794ecc02c31682f6bfbecdf460bf19533eed1e3e"
dependencies = [
 "flate2",
 "jpeg-decoder",
 "weezl",
]

[[package]]
name = "tiff"
version = "0.11.3"
source = "registry+https://github.com/rust-lang/crates.io-index"
checksum = "b63feaf3343d35b6ca4d50483f94843803b0f51634937cc2ec519fc32232bc52"
dependencies = [
 "fax",
 "flate2",
 "half",
 "quick-error",
 "weezl",
 "zune-jpeg",
]

[[package]]
name = "tinyvec"
version = "1.12.0"
source = "registry+https://github.com/rust-lang/crates.io-index"
checksum = "bb4ebadaa0af04fab11ae01eb5f9fdb5f9c5b875506e210e71c07873528baa7f"
dependencies = [
 "tinyvec_macros",
]

[[package]]
name = "tinyvec_macros"
version = "0.1.1"
source = "registry+https://github.com/rust-lang/crates.io-index"
checksum = "1f3ccbac311fea05f86f61904b462b55fb3df8837a366dfc601a0161d0532f20"

[[package]]
name = "ttf-parser"
version = "0.21.1"
source = "registry+https://github.com/rust-lang/crates.io-index"
checksum = "2c591d83f69777866b9126b24c6dd9a18351f177e49d625920d19f989fd31cf8"

[[package]]
name = "ttf-parser"
version = "0.25.1"
source = "registry+https://github.com/rust-lang/crates.io-index"
checksum = "d2df906b07856748fa3f6e0ad0cbaa047052d4a7dd609e231c4f72cee8c36f31"
dependencies = [
 "core_maths",
]

[[package]]
name = "unicode-bidi"
version = "0.3.18"
source = "registry+https://github.com/rust-lang/crates.io-index"
checksum = "5c1cb5db39152898a79168971543b1cb5020dff7fe43c8dc468b0885f5e29df5"

[[package]]
name = "unicode-ident"
version = "1.0.24"
source = "registry+https://github.com/rust-lang/crates.io-index"
checksum = "e6e4313cd5fcd3dad5cafa179702e2b244f760991f45397d14d4ebf38247da75"

[[package]]
name = "unicode-linebreak"
version = "0.1.5"
source = "registry+https://github.com/rust-lang/crates.io-index"
checksum = "3b09c83c3c29d37506a3e260c08c03743a6bb66a9cd432c6934ab501a190571f"

[[package]]
name = "unicode-script"
version = "0.5.8"
source = "registry+https://github.com/rust-lang/crates.io-index"
checksum = "383ad40bb927465ec0ce7720e033cb4ca06912855fc35db31b5755d0de75b1ee"

[[package]]
name = "unicode-segmentation"
version = "1.13.3"
source = "registry+https://github.com/rust-lang/crates.io-index"
checksum = "c6f5d3c3b1bf09027a88a6bc961fc00497d651009560b5463668dc81b0fa87a8"

[[package]]
name = "uuid"
version = "1.25.0"
source = "registry+https://github.com/rust-lang/crates.io-index"
checksum = "f053576934f05a761a402421fbbe3d425d9366f75f978806a037b3ca481abecc"

[[package]]
name = "version_check"
version = "0.9.5"
source = "registry+https://github.com/rust-lang/crates.io-index"
checksum = "0b928f33d975fc6ad9f86c8f283853ad26bdd5b10b7f1542aa2fa15e2289105a"

[[package]]
name = "wasm-bindgen"
version = "0.2.127"
source = "registry+https://github.com/rust-lang/crates.io-index"
checksum = "1b70935747edd64d89de3efa29d73789b806c15798f8e7dca4d8ac356b50ce70"
dependencies = [
 "cfg-if",
 "once_cell",
 "rustversion",
 "wasm-bindgen-macro",
 "wasm-bindgen-shared",
]

[[package]]
name = "wasm-bindgen-futures"
version = "0.4.77"
source = "registry+https://github.com/rust-lang/crates.io-index"
checksum = "6b7777d5cc23d0e91404e53ce2d5e8ec7acae3026b16233dba62cd3246457950"
dependencies = [
 "js-sys",
 "wasm-bindgen",
]

[[package]]
name = "wasm-bindgen-macro"
version = "0.2.127"
source = "registry+https://github.com/rust-lang/crates.io-index"
checksum = "77775f8f3f7217702089053b94958f8f54061a3f663417df76e19cbdcca29bc1"
dependencies = [
 "quote",
 "wasm-bindgen-macro-support",
]

[[package]]
name = "wasm-bindgen-macro-support"
version = "0.2.127"
source = "registry+https://github.com/rust-lang/crates.io-index"
checksum = "e11d33f857dc2fb11b8bc75aee111aa9cbeb12cd9f25efd3d4c2a3dd4e235284"
dependencies = [
 "bumpalo",
 "proc-macro2",
 "quote",
 "syn 2.0.117",
 "wasm-bindgen-shared",
]

[[package]]
name = "wasm-bindgen-shared"
version = "0.2.127"
source = "registry+https://github.com/rust-lang/crates.io-index"
checksum = "7ef64dbcc55df09c7e5a46182d181c2cfa3e925f3da937ea764728b4bbb9dcbf"
dependencies = [
 "unicode-ident",
]

[[package]]
name = "wayland-backend"
version = "0.3.17"
source = "registry+https://github.com/rust-lang/crates.io-index"
checksum = "38a91b4eaddff87b1cd1074985e3713da4af2c49742d1b356b2c01670a67a078"
dependencies = [
 "cc",
 "downcast-rs",
 "rustix",
 "scoped-tls",
 "smallvec 1.15.1",
 "wayland-sys",
]

[[package]]
name = "wayland-client"
version = "0.31.15"
source = "registry+https://github.com/rust-lang/crates.io-index"
checksum = "e3c36a0f861ad76d0901f2800b46321410d9f73f2ea88aac0650d86c32688073"
dependencies = [
 "bitflags 2.13.1",
 "rustix",
 "wayland-backend",
 "wayland-scanner",
]

[[package]]
name = "wayland-protocols"
version = "0.32.13"
source = "registry+https://github.com/rust-lang/crates.io-index"
checksum = "23d0c813de3daa2ed6520af85a3bd49b0e722a3078506899aa9686fea58dc4b6"
dependencies = [
 "bitflags 2.13.1",
 "wayland-backend",
 "wayland-client",
 "wayland-scanner",
]

[[package]]
name = "wayland-scanner"
version = "0.31.11"
source = "registry+https://github.com/rust-lang/crates.io-index"
checksum = "338e30461b3a2b67d70eb30a6d89f8e0c93a833e07d2ae89085cd070c4a00ac0"
dependencies = [
 "proc-macro2",
 "quick-xml",
 "quote",
]

[[package]]
name = "wayland-sys"
version = "0.31.11"
source = "registry+https://github.com/rust-lang/crates.io-index"
checksum = "d8eab23fefc9e41f8e841df4a9c707e8a8c4ed26e944ef69297184de2785e3be"
dependencies = [
 "dlib",
 "log",
 "pkg-config",
]

[[package]]
name = "web-sys"
version = "0.3.104"
source = "registry+https://github.com/rust-lang/crates.io-index"
checksum = "c435338968042f4f59a557f690a253676d47ce13ceb55d70100e7facf6620a30"
dependencies = [
 "js-sys",
 "wasm-bindgen",
]

[[package]]
name = "weezl"
version = "0.1.12"
source = "registry+https://github.com/rust-lang/crates.io-index"
checksum = "a28ac98ddc8b9274cb41bb4d9d4d5c425b6020c50c46f25559911905610b4a88"

[[package]]
name = "winapi"
version = "0.3.9"
source = "registry+https://github.com/rust-lang/crates.io-index"
checksum = "5c839a674fcd7a98952e593242ea400abe93992746761e38641405d28b00f419"
dependencies = [
 "winapi-i686-pc-windows-gnu",
 "winapi-x86_64-pc-windows-gnu",
]

[[package]]
name = "winapi-i686-pc-windows-gnu"
version = "0.4.0"
source = "registry+https://github.com/rust-lang/crates.io-index"
checksum = "ac3b87c63620426dd9b991e5ce0329eff545bccbbb34f3be09ff6fb6ab51b7b6"

[[package]]
name = "winapi-x86_64-pc-windows-gnu"
version = "0.4.0"
source = "registry+https://github.com/rust-lang/crates.io-index"
checksum = "712e227841d057c1ee1cd2fb22fa7e5a5461ae8e48fa2ca79ec42cfc1931183f"

[[package]]
name = "windows-link"
version = "0.2.1"
source = "registry+https://github.com/rust-lang/crates.io-index"
checksum = "f0805222e57f7521d6a62e36fa9163bc891acd422f971defe97d64e70d0a4fe5"

[[package]]
name = "windows-sys"
version = "0.60.2"
source = "registry+https://github.com/rust-lang/crates.io-index"
checksum = "f2f500e4d28234f72040990ec9d39e3a6b950f9f22d3dba18416c35882612bcb"
dependencies = [
 "windows-targets",
]

[[package]]
name = "windows-sys"
version = "0.61.2"
source = "registry+https://github.com/rust-lang/crates.io-index"
checksum = "ae137229bcbd6cdf0f7b80a31df61766145077ddf49416a728b02cb3921ff3fc"
dependencies = [
 "windows-link",
]

[[package]]
name = "windows-targets"
version = "0.53.5"
source = "registry+https://github.com/rust-lang/crates.io-index"
checksum = "4945f9f551b88e0d65f3db0bc25c33b8acea4d9e41163edf90dcd0b19f9069f3"
dependencies = [
 "windows-link",
 "windows_aarch64_gnullvm",
 "windows_aarch64_msvc",
 "windows_i686_gnu",
 "windows_i686_gnullvm",
 "windows_i686_msvc",
 "windows_x86_64_gnu",
 "windows_x86_64_gnullvm",
 "windows_x86_64_msvc",
]

[[package]]
name = "windows_aarch64_gnullvm"
version = "0.53.1"
source = "registry+https://github.com/rust-lang/crates.io-index"
checksum = "a9d8416fa8b42f5c947f8482c43e7d89e73a173cead56d044f6a56104a6d1b53"

[[package]]
name = "windows_aarch64_msvc"
version = "0.53.1"
source = "registry+https://github.com/rust-lang/crates.io-index"
checksum = "b9d782e804c2f632e395708e99a94275910eb9100b2114651e04744e9b125006"

[[package]]
name = "windows_i686_gnu"
version = "0.53.1"
source = "registry+https://github.com/rust-lang/crates.io-index"
checksum = "960e6da069d81e09becb0ca57a65220ddff016ff2d6af6a223cf372a506593a3"

[[package]]
name = "windows_i686_gnullvm"
version = "0.53.1"
source = "registry+https://github.com/rust-lang/crates.io-index"
checksum = "fa7359d10048f68ab8b09fa71c3daccfb0e9b559aed648a8f95469c27057180c"

[[package]]
name = "windows_i686_msvc"
version = "0.53.1"
source = "registry+https://github.com/rust-lang/crates.io-index"
checksum = "1e7ac75179f18232fe9c285163565a57ef8d3c89254a30685b57d83a38d326c2"

[[package]]
name = "windows_x86_64_gnu"
version = "0.53.1"
source = "registry+https://github.com/rust-lang/crates.io-index"
checksum = "9c3842cdd74a865a8066ab39c8a7a473c0778a3f29370b5fd6b4b9aa7df4a499"

[[package]]
name = "windows_x86_64_gnullvm"
version = "0.53.1"
source = "registry+https://github.com/rust-lang/crates.io-index"
checksum = "0ffa179e2d07eee8ad8f57493436566c7cc30ac536a3379fdf008f47f6bb7ae1"

[[package]]
name = "windows_x86_64_msvc"
version = "0.53.1"
source = "registry+https://github.com/rust-lang/crates.io-index"
checksum = "d6bbff5f0aada427a1e5a6da5f1f98158182f26556f345ac9e04d36d0ebed650"

[[package]]
name = "x11rb"
version = "0.13.2"
source = "registry+https://github.com/rust-lang/crates.io-index"
checksum = "9993aa5be5a26815fe2c3eacfc1fde061fc1a1f094bf1ad2a18bf9c495dd7414"
dependencies = [
 "gethostname",
 "rustix",
 "x11rb-protocol",
]

[[package]]
name = "x11rb-protocol"
version = "0.13.2"
source = "registry+https://github.com/rust-lang/crates.io-index"
checksum = "ea6fc2961e4ef194dcbfe56bb845534d0dc8098940c7e5c012a258bfec6701bd"

[[package]]
name = "yazi"
version = "0.2.1"
source = "registry+https://github.com/rust-lang/crates.io-index"
checksum = "e01738255b5a16e78bbb83e7fbba0a1e7dd506905cfc53f4622d89015a03fbb5"

[[package]]
name = "zeno"
version = "0.3.3"
source = "registry+https://github.com/rust-lang/crates.io-index"
checksum = "6df3dc4292935e51816d896edcd52aa30bc297907c26167fec31e2b0c6a32524"

[[package]]
name = "zerocopy"
version = "0.8.50"
source = "registry+https://github.com/rust-lang/crates.io-index"
checksum = "3b065d4f0e55f82fae73202e189638116a87c55ab6b8e6c2721e13dd9d854ad1"
dependencies = [
 "zerocopy-derive",
]

[[package]]
name = "zerocopy-derive"
version = "0.8.50"
source = "registry+https://github.com/rust-lang/crates.io-index"
checksum = "0b631b19d36a892ab55420c92dbc83ccd79274f25be714855d3074aa71cab639"
dependencies = [
 "proc-macro2",
 "quote",
 "syn 2.0.117",
]

[[package]]
name = "zmij"
version = "1.0.21"
source = "registry+https://github.com/rust-lang/crates.io-index"
checksum = "b8848ee67ecc8aedbaf3e4122217aff892639231befc6a1b58d29fff4c2cabaa"

[[package]]
name = "zune-core"
version = "0.5.3"
source = "registry+https://github.com/rust-lang/crates.io-index"
checksum = "d56377fd46368984a170bc5aac5567e52ca5da874caa60bea39fcbca78fb658b"

[[package]]
name = "zune-inflate"
version = "0.2.54"
source = "registry+https://github.com/rust-lang/crates.io-index"
checksum = "73ab332fe2f6680068f3582b16a24f90ad7096d5d39b974d1c0aff0125116f02"
dependencies = [
 "simd-adler32",
]

[[package]]
name = "zune-jpeg"
version = "0.5.15"
source = "registry+https://github.com/rust-lang/crates.io-index"
checksum = "27bc9d5b815bc103f142aa054f561d9187d191692ec7c2d1e2b4737f8dbd7296"
dependencies = [
 "zune-core",
]
